// !$*UTF8*$!
{
	archiveVersion = 1;
	classes = {
	};
	objectVersion = 55;
	objects = {

/* Begin PBXBuildFile section */
		B76CA63D276915D400CEE7BC /* AppDelegate.swift in Sources */ = {isa = PBXBuildFile; fileRef = B76CA63C276915D400CEE7BC /* AppDelegate.swift */; };
		B76CA63F276915D400CEE7BC /* SceneDelegate.swift in Sources */ = {isa = PBXBuildFile; fileRef = B76CA63E276915D400CEE7BC /* SceneDelegate.swift */; };
		B76CA641276915D400CEE7BC /* SetupViewController.swift in Sources */ = {isa = PBXBuildFile; fileRef = B76CA640276915D400CEE7BC /* SetupViewController.swift */; };
		B76CA644276915D400CEE7BC /* Main.storyboard in Resources */ = {isa = PBXBuildFile; fileRef = B76CA642276915D400CEE7BC /* Main.storyboard */; };
		B76CA646276915D600CEE7BC /* Assets.xcassets in Resources */ = {isa = PBXBuildFile; fileRef = B76CA645276915D600CEE7BC /* Assets.xcassets */; };
		B76CA649276915D600CEE7BC /* LaunchScreen.storyboard in Resources */ = {isa = PBXBuildFile; fileRef = B76CA647276915D600CEE7BC /* LaunchScreen.storyboard */; };
		B7DA457F27720C45004958B4 /* StartViewController.swift in Sources */ = {isa = PBXBuildFile; fileRef = B7DA457E27720C45004958B4 /* StartViewController.swift */; };
		B7DA4581277220F3004958B4 /* rgbColor.swift in Sources */ = {isa = PBXBuildFile; fileRef = B7DA4580277220F3004958B4 /* rgbColor.swift */; };
/* End PBXBuildFile section */

/* Begin PBXFileReference section */
		B76CA639276915D400CEE7BC /* RGBApp.app */ = {isa = PBXFileReference; explicitFileType = wrapper.application; includeInIndex = 0; path = RGBApp.app; sourceTree = BUILT_PRODUCTS_DIR; };
		B76CA63C276915D400CEE7BC /* AppDelegate.swift */ = {isa = PBXFileReference; lastKnownFileType = sourcecode.swift; path = AppDelegate.swift; sourceTree = "<group>"; };
		B76CA63E276915D400CEE7BC /* SceneDelegate.swift */ = {isa = PBXFileReference; lastKnownFileType = sourcecode.swift; path = SceneDelegate.swift; sourceTree = "<group>"; };
		B76CA640276915D400CEE7BC /* SetupViewController.swift */ = {isa = PBXFileReference; lastKnownFileType = sourcecode.swift; path = SetupViewController.swift; sourceTree = "<group>"; };
		B76CA643276915D400CEE7BC /* Base */ = {isa = PBXFileReference; lastKnownFileType = file.storyboard; name = Base; path = Base.lproj/Main.storyboard; sourceTree = "<group>"; };
		B76CA645276915D600CEE7BC /* Assets.xcassets */ = {isa = PBXFileReference; lastKnownFileType = folder.assetcatalog; path = Assets.xcassets; sourceTree = "<group>"; };
		B76CA648276915D600CEE7BC /* Base */ = {isa = PBXFileReference; lastKnownFileType = file.storyboard; name = Base; path = Base.lproj/LaunchScreen.storyboard; sourceTree = "<group>"; };
		B76CA64A276915D600CEE7BC /* Info.plist */ = {isa = PBXFileReference; lastKnownFileType = text.plist.xml; path = Info.plist; sourceTree = "<group>"; };
		B7DA457E27720C45004958B4 /* StartViewController.swift */ = {isa = PBXFileReference; lastKnownFileType = sourcecode.swift; path = StartViewController.swift; sourceTree = "<group>"; };
		B7DA4580277220F3004958B4 /* rgbColor.swift */ = {isa = PBXFileReference; lastKnownFileType = sourcecode.swift; path = rgbColor.swift; sourceTree = "<group>"; };
/* End PBXFileReference section */

/* Begin PBXFrameworksBuildPhase section */
		B76CA636276915D400CEE7BC /* Frameworks */ = {
			isa = PBXFrameworksBuildPhase;
			buildActionMask = 2147483647;
			files = (
			);
			runOnlyForDeploymentPostprocessing = 0;
		};
/* End PBXFrameworksBuildPhase section */

/* Begin PBXGroup section */
		B76CA630276915D400CEE7BC = {
			isa = PBXGroup;
			children = (
				B76CA63B276915D400CEE7BC /* RGBApp */,
				B76CA63A276915D400CEE7BC /* Products */,
			);
			sourceTree = "<group>";
		};
		B76CA63A276915D400CEE7BC /* Products */ = {
			isa = PBXGroup;
			children = (
				B76CA639276915D400CEE7BC /* RGBApp.app */,
			);
			name = Products;
			sourceTree = "<group>";
		};
		B76CA63B276915D400CEE7BC /* RGBApp */ = {
			isa = PBXGroup;
			children = (
				B7DA4582277220F7004958B4 /* Model */,
				B7DA457D2771FD3F004958B4 /* Controllers */,
				B7DA457C2771FD27004958B4 /* Storyboards */,
				B7DA457B2771FD17004958B4 /* Resourses */,
				B7DA457A2771FCFF004958B4 /* App */,
			);
			path = RGBApp;
			sourceTree = "<group>";
		};
		B7DA457A2771FCFF004958B4 /* App */ = {
			isa = PBXGroup;
			children = (
				B76CA63C276915D400CEE7BC /* AppDelegate.swift */,
				B76CA63E276915D400CEE7BC /* SceneDelegate.swift */,
				B76CA64A276915D600CEE7BC /* Info.plist */,
			);
			path = App;
			sourceTree = "<group>";
		};
		B7DA457B2771FD17004958B4 /* Resourses */ = {
			isa = PBXGroup;
			children = (
				B76CA645276915D600CEE7BC /* Assets.xcassets */,
			);
			path = Resourses;
			sourceTree = "<group>";
		};
		B7DA457C2771FD27004958B4 /* Storyboards */ = {
			isa = PBXGroup;
			children = (
				B76CA642276915D400CEE7BC /* Main.storyboard */,
				B76CA647276915D600CEE7BC /* LaunchScreen.storyboard */,
			);
			path = Storyboards;
			sourceTree = "<group>";
		};
		B7DA457D2771FD3F004958B4 /* Controllers */ = {
			isa = PBXGroup;
			children = (
				B76CA640276915D400CEE7BC /* SetupViewController.swift */,
				B7DA457E27720C45004958B4 /* StartViewController.swift */,
			);
			path = Controllers;
			sourceTree = "<group>";
		};
		B7DA4582277220F7004958B4 /* Model */ = {
			isa = PBXGroup;
			children = (
				B7DA4580277220F3004958B4 /* rgbColor.swift */,
			);
			path = Model;
			sourceTree = "<group>";
		};
/* End PBXGroup section */

/* Begin PBXNativeTarget section */
		B76CA638276915D400CEE7BC /* RGBApp */ = {
			isa = PBXNativeTarget;
			buildConfigurationList = B76CA64D276915D600CEE7BC /* Build configuration list for PBXNativeTarget "RGBApp" */;
			buildPhases = (
				B76CA635276915D400CEE7BC /* Sources */,
				B76CA636276915D400CEE7BC /* Frameworks */,
				B76CA637276915D400CEE7BC /* Resources */,
			);
			buildRules = (
			);
			dependencies = (
			);
			name = RGBApp;
			productName = RGBApp;
			productReference = B76CA639276915D400CEE7BC /* RGBApp.app */;
			productType = "com.apple.product-type.application";
		};
/* End PBXNativeTarget section */

/* Begin PBXProject section */
		B76CA631276915D400CEE7BC /* Project object */ = {
			isa = PBXProject;
			attributes = {
				BuildIndependentTargetsInParallel = 1;
				LastSwiftUpdateCheck = 1320;
				LastUpgradeCheck = 1320;
				TargetAttributes = {
					B76CA638276915D400CEE7BC = {
						CreatedOnToolsVersion = 13.2;
					};
				};
			};
			buildConfigurationList = B76CA634276915D400CEE7BC /* Build configuration list for PBXProject "RGBApp" */;
			compatibilityVersion = "Xcode 13.0";
			developmentRegion = en;
			hasScannedForEncodings = 0;
			knownRegions = (
				en,
				Base,
			);
			mainGroup = B76CA630276915D400CEE7BC;
			productRefGroup = B76CA63A276915D400CEE7BC /* Products */;
			projectDirPath = "";
			projectRoot = "";
			targets = (
				B76CA638276915D400CEE7BC /* RGBApp */,
			);
		};
/* End PBXProject section */

/* Begin PBXResourcesBuildPhase section */
		B76CA637276915D400CEE7BC /* Resources */ = {
			isa = PBXResourcesBuildPhase;
			buildActionMask = 2147483647;
			files = (
				B76CA649276915D600CEE7BC /* LaunchScreen.storyboard in Resources */,
				B76CA646276915D600CEE7BC /* Assets.xcassets in Resources */,
				B76CA644276915D400CEE7BC /* Main.storyboard in Resources */,
			);
			runOnlyForDeploymentPostprocessing = 0;
		};
/* End PBXResourcesBuildPhase section */

/* Begin PBXSourcesBuildPhase section */
		B76CA635276915D400CEE7BC /* Sources */ = {
			isa = PBXSourcesBuildPhase;
			buildActionMask = 2147483647;
			files = (
				B7DA4581277220F3004958B4 /* rgbColor.swift in Sources */,
				B76CA641276915D400CEE7BC /* SetupViewController.swift in Sources */,
				B7DA457F27720C45004958B4 /* StartViewController.swift in Sources */,
				B76CA63D276915D400CEE7BC /* AppDelegate.swift in Sources */,
				B76CA63F276915D400CEE7BC /* SceneDelegate.swift in Sources */,
			);
			runOnlyForDeploymentPostprocessing = 0;
		};
/* End PBXSourcesBuildPhase section */

/* Begin PBXVariantGroup section */
		B76CA642276915D400CEE7BC /* Main.storyboard */ = {
			isa = PBXVariantGroup;
			children = (
				B76CA643276915D400CEE7BC /* Base */,
			);
			name = Main.storyboard;
			sourceTree = "<group>";
		};
		B76CA647276915D600CEE7BC /* LaunchScreen.storyboard */ = {
			isa = PBXVariantGroup;
			children = (
				B76CA648276915D600CEE7BC /* Base */,
			);
			name = LaunchScreen.storyboard;
			sourceTree = "<group>";
		};
/* End PBXVariantGroup section */

/* Begin XCBuildConfiguration section */
		B76CA64B276915D600CEE7BC /* Debug */ = {
			isa = XCBuildConfiguration;
			buildSettings = {
				ALWAYS_SEARCH_USER_PATHS = NO;
				CLANG_ANALYZER_NONNULL = YES;
				CLANG_ANALYZER_NUMBER_OBJECT_CONVERSION = YES_AGGRESSIVE;
				CLANG_CXX_LANGUAGE_STANDARD = "gnu++17";
				CLANG_CXX_LIBRARY = "libc++";
				CLANG_ENABLE_MODULES = YES;
				CLANG_ENABLE_OBJC_ARC = YES;
				CLANG_ENABLE_OBJC_WEAK = YES;
				CLANG_WARN_BLOCK_CAPTURE_AUTORELEASING = YES;
				CLANG_WARN_BOOL_CONVERSION = YES;
				CLANG_WARN_COMMA = YES;
				CLANG_WARN_CONSTANT_CONVERSION = YES;
				CLANG_WARN_DEPRECATED_OBJC_IMPLEMENTATIONS = YES;
				CLANG_WARN_DIRECT_OBJC_ISA_USAGE = YES_ERROR;
				CLANG_WARN_DOCUMENTATION_COMMENTS = YES;
				CLANG_WARN_EMPTY_BODY = YES;
				CLANG_WARN_ENUM_CONVERSION = YES;
				CLANG_WARN_INFINITE_RECURSION = YES;
				CLANG_WARN_INT_CONVERSION = YES;
				CLANG_WARN_NON_LITERAL_NULL_CONVERSION = YES;
				CLANG_WARN_OBJC_IMPLICIT_RETAIN_SELF = YES;
				CLANG_WARN_OBJC_LITERAL_CONVERSION = YES;
				CLANG_WARN_OBJC_ROOT_CLASS = YES_ERROR;
				CLANG_WARN_QUOTED_INCLUDE_IN_FRAMEWORK_HEADER = YES;
				CLANG_WARN_RANGE_LOOP_ANALYSIS = YES;
				CLANG_WARN_STRICT_PROTOTYPES = YES;
				CLANG_WARN_SUSPICIOUS_MOVE = YES;
				CLANG_WARN_UNGUARDED_AVAILABILITY = YES_AGGRESSIVE;
				CLANG_WARN_UNREACHABLE_CODE = YES;
				CLANG_WARN__DUPLICATE_METHOD_MATCH = YES;
				COPY_PHASE_STRIP = NO;
				DEBUG_INFORMATION_FORMAT = dwarf;
				ENABLE_STRICT_OBJC_MSGSEND = YES;
				ENABLE_TESTABILITY = YES;
				GCC_C_LANGUAGE_STANDARD = gnu11;
				GCC_DYNAMIC_NO_PIC = NO;
				GCC_NO_COMMON_BLOCKS = YES;
				GCC_OPTIMIZATION_LEVEL = 0;
				GCC_PREPROCESSOR_DEFINITIONS = (
					"DEBUG=1",
					"$(inherited)",
				);
				GCC_WARN_64_TO_32_BIT_CONVERSION = YES;
				GCC_WARN_ABOUT_RETURN_TYPE = YES_ERROR;
				GCC_WARN_UNDECLARED_SELECTOR = YES;
				GCC_WARN_UNINITIALIZED_AUTOS = YES_AGGRESSIVE;
				GCC_WARN_UNUSED_FUNCTION = YES;
				GCC_WARN_UNUSED_VARIABLE = YES;
				IPHONEOS_DEPLOYMENT_TARGET = 15.2;
				MTL_ENABLE_DEBUG_INFO = INCLUDE_SOURCE;
				MTL_FAST_MATH = YES;
				ONLY_ACTIVE_ARCH = YES;
				SDKROOT = iphoneos;
				SWIFT_ACTIVE_COMPILATION_CONDITIONS = DEBUG;
				SWIFT_OPTIMIZATION_LEVEL = "-Onone";
			};
			name = Debug;
		};
		B76CA64C276915D600CEE7BC /* Release */ = {
			isa = XCBuildConfiguration;
			buildSettings = {
				ALWAYS_SEARCH_USER_PATHS = NO;
				CLANG_ANALYZER_NONNULL = YES;
				CLANG_ANALYZER_NUMBER_OBJECT_CONVERSION = YES_AGGRESSIVE;
				CLANG_CXX_LANGUAGE_STANDARD = "gnu++17";
				CLANG_CXX_LIBRARY = "libc++";
				CLANG_ENABLE_MODULES = YES;
				CLANG_ENABLE_OBJC_ARC = YES;
				CLANG_ENABLE_OBJC_WEAK = YES;
				CLANG_WARN_BLOCK_CAPTURE_AUTORELEASING = YES;
				CLANG_WARN_BOOL_CONVERSION = YES;
				CLANG_WARN_COMMA = YES;
				CLANG_WARN_CONSTANT_CONVERSION = YES;
				CLANG_WARN_DEPRECATED_OBJC_IMPLEMENTATIONS = YES;
				CLANG_WARN_DIRECT_OBJC_ISA_USAGE = YES_ERROR;
				CLANG_WARN_DOCUMENTATION_COMMENTS = YES;
				CLANG_WARN_EMPTY_BODY = YES;
				CLANG_WARN_ENUM_CONVERSION = YES;
				CLANG_WARN_INFINITE_RECURSION = YES;
				CLANG_WARN_INT_CONVERSION = YES;
				CLANG_WARN_NON_LITERAL_NULL_CONVERSION = YES;
				CLANG_WARN_OBJC_IMPLICIT_RETAIN_SELF = YES;
				CLANG_WARN_OBJC_LITERAL_CONVERSION = YES;
				CLANG_WARN_OBJC_ROOT_CLASS = YES_ERROR;
				CLANG_WARN_QUOTED_INCLUDE_IN_FRAMEWORK_HEADER = YES;
				CLANG_WARN_RANGE_LOOP_ANALYSIS = YES;
				CLANG_WARN_STRICT_PROTOTYPES = YES;
				CLANG_WARN_SUSPICIOUS_MOVE = YES;
				CLANG_WARN_UNGUARDED_AVAILABILITY = YES_AGGRESSIVE;
				CLANG_WARN_UNREACHABLE_CODE = YES;
				CLANG_WARN__DUPLICATE_METHOD_MATCH = YES;
				COPY_PHASE_STRIP = NO;
				DEBUG_INFORMATION_FORMAT = "dwarf-with-dsym";
				ENABLE_NS_ASSERTIONS = NO;
				ENABLE_STRICT_OBJC_MSGSEND = YES;
				GCC_C_LANGUAGE_STANDARD = gnu11;
				GCC_NO_COMMON_BLOCKS = YES;
				GCC_WARN_64_TO_32_BIT_CONVERSION = YES;
				GCC_WARN_ABOUT_RETURN_TYPE = YES_ERROR;
				GCC_WARN_UNDECLARED_SELECTOR = YES;
				GCC_WARN_UNINITIALIZED_AUTOS = YES_AGGRESSIVE;
				GCC_WARN_UNUSED_FUNCTION = YES;
				GCC_WARN_UNUSED_VARIABLE = YES;
				IPHONEOS_DEPLOYMENT_TARGET = 15.2;
				MTL_ENABLE_DEBUG_INFO = NO;
				MTL_FAST_MATH = YES;
				SDKROOT = iphoneos;
				SWIFT_COMPILATION_MODE = wholemodule;
				SWIFT_OPTIMIZATION_LEVEL = "-O";
				VALIDATE_PRODUCT = YES;
			};
			name = Release;
		};
		B76CA64E276915D600CEE7BC /* Debug */ = {
			isa = XCBuildConfiguration;
			buildSettings = {
				ASSETCATALOG_COMPILER_APPICON_NAME = AppIcon;
				ASSETCATALOG_COMPILER_GLOBAL_ACCENT_COLOR_NAME = AccentColor;
				CODE_SIGN_STYLE = Automatic;
				CURRENT_PROJECT_VERSION = 1;
				DEVELOPMENT_TEAM = W692V8R62W;
				GENERATE_INFOPLIST_FILE = YES;
				INFOPLIST_FILE = RGBApp/App/Info.plist;
				INFOPLIST_KEY_UIApplicationSupportsIndirectInputEvents = YES;
				INFOPLIST_KEY_UILaunchStoryboardName = LaunchScreen;
				INFOPLIST_KEY_UIMainStoryboardFile = Main;
				INFOPLIST_KEY_UISupportedInterfaceOrientations_iPad = "UIInterfaceOrientationPortrait UIInterfaceOrientationPortraitUpsideDown UIInterfaceOrientationLandscapeLeft UIInterfaceOrientationLandscapeRight";
				INFOPLIST_KEY_UISupportedInterfaceOrientations_iPhone = "UIInterfaceOrientationPortrait UIInterfaceOrientationLandscapeLeft UIInterfaceOrientationLandscapeRight";
				LD_RUNPATH_SEARCH_PATHS = (
					"$(inherited)",
					"@executable_path/Frameworks",
				);
				MARKETING_VERSION = 1.0;
				PRODUCT_BUNDLE_IDENTIFIER = ru.efimov.school.RGBApp;
				PRODUCT_NAME = "$(TARGET_NAME)";
				SWIFT_EMIT_LOC_STRINGS = YES;
				SWIFT_VERSION = 5.0;
				TARGETED_DEVICE_FAMILY = "1,2";
			};
			name = Debug;
		};
		B76CA64F276915D600CEE7BC /* Release */ = {
			isa = XCBuildConfiguration;
			buildSettings = {
				ASSETCATALOG_COMPILER_APPICON_NAME = AppIcon;
				ASSETCATALOG_COMPILER_GLOBAL_ACCENT_COLOR_NAME = AccentColor;
				CODE_SIGN_STYLE = Automatic;
				CURRENT_PROJECT_VERSION = 1;
				DEVELOPMENT_TEAM = W692V8R62W;
				GENERATE_INFOPLIST_FILE = YES;
				INFOPLIST_FILE = RGBApp/App/Info.plist;
				INFOPLIST_KEY_UIApplicationSupportsIndirectInputEvents = YES;
				INFOPLIST_KEY_UILaunchStoryboardName = LaunchScreen;
				INFOPLIST_KEY_UIMainStoryboardFile = Main;
				INFOPLIST_KEY_UISupportedInterfaceOrientations_iPad = "UIInterfaceOrientationPortrait UIInterfaceOrientationPortraitUpsideDown UIInterfaceOrientationLandscapeLeft UIInterfaceOrientationLandscapeRight";
				INFOPLIST_KEY_UISupportedInterfaceOrientations_iPhone = "UIInterfaceOrientationPortrait UIInterfaceOrientationLandscapeLeft UIInterfaceOrientationLandscapeRight";
				LD_RUNPATH_SEARCH_PATHS = (
					"$(inherited)",
					"@executable_path/Frameworks",
				);
				MARKETING_VERSION = 1.0;
				PRODUCT_BUNDLE_IDENTIFIER = ru.efimov.school.RGBApp;
				PRODUCT_NAME = "$(TARGET_NAME)";
				SWIFT_EMIT_LOC_STRINGS = YES;
				SWIFT_VERSION = 5.0;
				TARGETED_DEVICE_FAMILY = "1,2";
			};
			name = Release;
		};
/* End XCBuildConfiguration section */

/* Begin XCConfigurationList section */
		B76CA634276915D400CEE7BC /* Build configuration list for PBXProject "RGBApp" */ = {
			isa = XCConfigurationList;
			buildConfigurations = (
				B76CA64B276915D600CEE7BC /* Debug */,
				B76CA64C276915D600CEE7BC /* Release */,
			);
			defaultConfigurationIsVisible = 0;
			defaultConfigurationName = Release;
		};
		B76CA64D276915D600CEE7BC /* Build configuration list for PBXNativeTarget "RGBApp" */ = {
			isa = XCConfigurationList;
			buildConfigurations = (
				B76CA64E276915D600CEE7BC /* Debug */,
				B76CA64F276915D600CEE7BC /* Release */,
			);
			defaultConfigurationIsVisible = 0;
			defaultConfigurationName = Release;
		};
/* End XCConfigurationList section */
	};
	rootObject = B76CA631276915D400CEE7BC /* Project object */;
}
